
Microsoft Visual Studio Solution File, Format Version 12.00
# Visual Studio Version 16
VisualStudioVersion = 16.0.29411.108
MinimumVisualStudioVersion = 10.0.40219.1
Project("{FAE04EC0-301F-11D3-BF4B-00C04F79EFBC}") = "TestMVC", "TestMVC\TestMVC.csproj", "{A92A6BC5-C388-4515-8D59-ED38F35FAFB1}"
EndProject
Global
	GlobalSection(SolutionConfigurationPlatforms) = preSolution
		Debug|Any CPU = Debug|Any CPU
		Release|Any CPU = Release|Any CPU
	EndGlobalSection
	GlobalSection(ProjectConfigurationPlatforms) = postSolution
		{A92A6BC5-C388-4515-8D59-ED38F35FAFB1}.Debug|Any CPU.ActiveCfg = Debug|Any CPU
		{A92A6BC5-C388-4515-8D59-ED38F35FAFB1}.Debug|Any CPU.Build.0 = Debug|Any CPU
		{A92A6BC5-C388-4515-8D59-ED38F35FAFB1}.Release|Any CPU.ActiveCfg = Release|Any CPU
		{A92A6BC5-C388-4515-8D59-ED38F35FAFB1}.Release|Any CPU.Build.0 = Release|Any CPU
	EndGlobalSection
	GlobalSection(SolutionProperties) = preSolution
		HideSolutionNode = FALSE
	EndGlobalSection
	GlobalSection(ExtensibilityGlobals) = postSolution
		SolutionGuid = {CCB5F3FB-2F1E-4D73-B32D-AD7D946AD7D3}
	EndGlobalSection
EndGlobal
